<?xml version="1.0" encoding="utf-8"?>
<Project ToolsVersion="4.0" xmlns="http://schemas.microsoft.com/developer/msbuild/2003">
  <ItemGroup>
    <Filter Include="Исходные файлы">
      <UniqueIdentifier>{4FC737F1-C7A5-4376-A066-2A32D752A2FF}</UniqueIdentifier>
      <Extensions>cpp;c;cc;cxx;c++;cppm;ixx;def;odl;idl;hpj;bat;asm;asmx</Extensions>
    </Filter>
    <Filter Include="Файлы заголовков">
      <UniqueIdentifier>{93995380-89BD-4b04-88EB-625FBE52EBFB}</UniqueIdentifier>
      <Extensions>h;hh;hpp;hxx;h++;hm;inl;inc;ipp;xsd</Extensions>
    </Filter>
    <Filter Include="FileManager">
      <UniqueIdentifier>{880b17fc-3e9b-41ae-ae94-c5e07da8c9fe}</UniqueIdentifier>
    </Filter>
    <Filter Include="TextEditor">
      <UniqueIdentifier>{f62f5893-f612-466b-8977-c1e1fa5db98b}</UniqueIdentifier>
    </Filter>
    <Filter Include="Run">
      <UniqueIdentifier>{58692240-b5b1-4a99-a760-35798bf1ebd9}</UniqueIdentifier>
    </Filter>
  </ItemGroup>
  <ItemGroup>
    <ClCompile Include="Main.cpp">
      <Filter>Исходные файлы</Filter>
    </ClCompile>
    <ClCompile Include="Manager.cpp">
      <Filter>FileManager</Filter>
    </ClCompile>
    <ClCompile Include="Run.cpp">
      <Filter>Run</Filter>
    </ClCompile>
    <ClCompile Include="Editor.cpp">
      <Filter>TextEditor</Filter>
    </ClCompile>
  </ItemGroup>
  <ItemGroup>
    <ClInclude Include="Manager.h">
      <Filter>FileManager</Filter>
    </ClInclude>
    <ClInclude Include="Run.h">
      <Filter>Run</Filter>
    </ClInclude>
    <ClInclude Include="Editor.h">
      <Filter>TextEditor</Filter>
    </ClInclude>
    <ClInclude Include="Includes.h">
      <Filter>Файлы заголовков</Filter>
    </ClInclude>
  </ItemGroup>
  <ItemGroup>
    <None Include="packages.config" />
  </ItemGroup>
</Project>